// !$*UTF8*$!
{
	archiveVersion = 1;
	classes = {
	};
	objectVersion = 50;
	objects = {

/* Begin PBXBuildFile section */
		451296C0248906D000411E41 /* Grid.swift in Sources */ = {isa = PBXBuildFile; fileRef = 451296BF248906D000411E41 /* Grid.swift */; };
		4551CF3624809FB200D59B61 /* MemoryGame.swift in Sources */ = {isa = PBXBuildFile; fileRef = 4551CF3524809FB200D59B61 /* MemoryGame.swift */; };
		4551CF382480ABCD00D59B61 /* EmojiMemoryGame.swift in Sources */ = {isa = PBXBuildFile; fileRef = 4551CF372480ABCD00D59B61 /* EmojiMemoryGame.swift */; };
		458EF28E247FB8E200FCCE98 /* AppDelegate.swift in Sources */ = {isa = PBXBuildFile; fileRef = 458EF28D247FB8E200FCCE98 /* AppDelegate.swift */; };
		458EF290247FB8E200FCCE98 /* SceneDelegate.swift in Sources */ = {isa = PBXBuildFile; fileRef = 458EF28F247FB8E200FCCE98 /* SceneDelegate.swift */; };
		458EF292247FB8E200FCCE98 /* EmojiMemoryGameView.swift in Sources */ = {isa = PBXBuildFile; fileRef = 458EF291247FB8E200FCCE98 /* EmojiMemoryGameView.swift */; };
		458EF294247FB8E200FCCE98 /* Assets.xcassets in Resources */ = {isa = PBXBuildFile; fileRef = 458EF293247FB8E200FCCE98 /* Assets.xcassets */; };
		458EF297247FB8E200FCCE98 /* Preview Assets.xcassets in Resources */ = {isa = PBXBuildFile; fileRef = 458EF296247FB8E200FCCE98 /* Preview Assets.xcassets */; };
		458EF29A247FB8E200FCCE98 /* LaunchScreen.storyboard in Resources */ = {isa = PBXBuildFile; fileRef = 458EF298247FB8E200FCCE98 /* LaunchScreen.storyboard */; };
		458EF2A5247FB8E300FCCE98 /* MemorizeTests.swift in Sources */ = {isa = PBXBuildFile; fileRef = 458EF2A4247FB8E300FCCE98 /* MemorizeTests.swift */; };
		45F99E8A248EDBD70002B57C /* GridLayout.swift in Sources */ = {isa = PBXBuildFile; fileRef = 45F99E89248EDBD70002B57C /* GridLayout.swift */; };
		45F99E8C248EE10B0002B57C /* Array+Identifiable.swift in Sources */ = {isa = PBXBuildFile; fileRef = 45F99E8B248EE10B0002B57C /* Array+Identifiable.swift */; };
		45F99E8E248F1FC50002B57C /* Array+only.swift in Sources */ = {isa = PBXBuildFile; fileRef = 45F99E8D248F1FC50002B57C /* Array+only.swift */; };
		45F99E90249007AC0002B57C /* Pie.swift in Sources */ = {isa = PBXBuildFile; fileRef = 45F99E8F249007AC0002B57C /* Pie.swift */; };
		45F99E92249118D50002B57C /* Cardify.swift in Sources */ = {isa = PBXBuildFile; fileRef = 45F99E91249118D50002B57C /* Cardify.swift */; };
/* End PBXBuildFile section */

/* Begin PBXContainerItemProxy section */
		458EF2A1247FB8E300FCCE98 /* PBXContainerItemProxy */ = {
			isa = PBXContainerItemProxy;
			containerPortal = 458EF282247FB8E200FCCE98 /* Project object */;
			proxyType = 1;
			remoteGlobalIDString = 458EF289247FB8E200FCCE98;
			remoteInfo = Memorize;
		};
/* End PBXContainerItemProxy section */

/* Begin PBXFileReference section */
		451296BF248906D000411E41 /* Grid.swift */ = {isa = PBXFileReference; lastKnownFileType = sourcecode.swift; path = Grid.swift; sourceTree = "<group>"; };
		4551CF3524809FB200D59B61 /* MemoryGame.swift */ = {isa = PBXFileReference; lastKnownFileType = sourcecode.swift; path = MemoryGame.swift; sourceTree = "<group>"; };
		4551CF372480ABCD00D59B61 /* EmojiMemoryGame.swift */ = {isa = PBXFileReference; lastKnownFileType = sourcecode.swift; path = EmojiMemoryGame.swift; sourceTree = "<group>"; };
		458EF28A247FB8E200FCCE98 /* Memorize.app */ = {isa = PBXFileReference; explicitFileType = wrapper.application; includeInIndex = 0; path = Memorize.app; sourceTree = BUILT_PRODUCTS_DIR; };
		458EF28D247FB8E200FCCE98 /* AppDelegate.swift */ = {isa = PBXFileReference; lastKnownFileType = sourcecode.swift; path = AppDelegate.swift; sourceTree = "<group>"; };
		458EF28F247FB8E200FCCE98 /* SceneDelegate.swift */ = {isa = PBXFileReference; lastKnownFileType = sourcecode.swift; path = SceneDelegate.swift; sourceTree = "<group>"; };
		458EF291247FB8E200FCCE98 /* EmojiMemoryGameView.swift */ = {isa = PBXFileReference; lastKnownFileType = sourcecode.swift; path = EmojiMemoryGameView.swift; sourceTree = "<group>"; };
		458EF293247FB8E200FCCE98 /* Assets.xcassets */ = {isa = PBXFileReference; lastKnownFileType = folder.assetcatalog; path = Assets.xcassets; sourceTree = "<group>"; };
		458EF296247FB8E200FCCE98 /* Preview Assets.xcassets */ = {isa = PBXFileReference; lastKnownFileType = folder.assetcatalog; path = "Preview Assets.xcassets"; sourceTree = "<group>"; };
		458EF299247FB8E200FCCE98 /* Base */ = {isa = PBXFileReference; lastKnownFileType = file.storyboard; name = Base; path = Base.lproj/LaunchScreen.storyboard; sourceTree = "<group>"; };
		458EF29B247FB8E200FCCE98 /* Info.plist */ = {isa = PBXFileReference; lastKnownFileType = text.plist.xml; path = Info.plist; sourceTree = "<group>"; };
		458EF2A0247FB8E300FCCE98 /* MemorizeTests.xctest */ = {isa = PBXFileReference; explicitFileType = wrapper.cfbundle; includeInIndex = 0; path = MemorizeTests.xctest; sourceTree = BUILT_PRODUCTS_DIR; };
		458EF2A4247FB8E300FCCE98 /* MemorizeTests.swift */ = {isa = PBXFileReference; lastKnownFileType = sourcecode.swift; path = MemorizeTests.swift; sourceTree = "<group>"; };
		458EF2A6247FB8E300FCCE98 /* Info.plist */ = {isa = PBXFileReference; lastKnownFileType = text.plist.xml; path = Info.plist; sourceTree = "<group>"; };
		45F99E89248EDBD70002B57C /* GridLayout.swift */ = {isa = PBXFileReference; lastKnownFileType = sourcecode.swift; path = GridLayout.swift; sourceTree = "<group>"; };
		45F99E8B248EE10B0002B57C /* Array+Identifiable.swift */ = {isa = PBXFileReference; lastKnownFileType = sourcecode.swift; path = "Array+Identifiable.swift"; sourceTree = "<group>"; };
		45F99E8D248F1FC50002B57C /* Array+only.swift */ = {isa = PBXFileReference; lastKnownFileType = sourcecode.swift; path = "Array+only.swift"; sourceTree = "<group>"; };
		45F99E8F249007AC0002B57C /* Pie.swift */ = {isa = PBXFileReference; lastKnownFileType = sourcecode.swift; path = Pie.swift; sourceTree = "<group>"; };
		45F99E91249118D50002B57C /* Cardify.swift */ = {isa = PBXFileReference; lastKnownFileType = sourcecode.swift; path = Cardify.swift; sourceTree = "<group>"; };
/* End PBXFileReference section */

/* Begin PBXFrameworksBuildPhase section */
		458EF287247FB8E200FCCE98 /* Frameworks */ = {
			isa = PBXFrameworksBuildPhase;
			buildActionMask = 2147483647;
			files = (
			);
			runOnlyForDeploymentPostprocessing = 0;
		};
		458EF29D247FB8E300FCCE98 /* Frameworks */ = {
			isa = PBXFrameworksBuildPhase;
			buildActionMask = 2147483647;
			files = (
			);
			runOnlyForDeploymentPostprocessing = 0;
		};
/* End PBXFrameworksBuildPhase section */

/* Begin PBXGroup section */
		458EF281247FB8E200FCCE98 = {
			isa = PBXGroup;
			children = (
				458EF28C247FB8E200FCCE98 /* Memorize */,
				458EF2A3247FB8E300FCCE98 /* MemorizeTests */,
				458EF28B247FB8E200FCCE98 /* Products */,
			);
			sourceTree = "<group>";
		};
		458EF28B247FB8E200FCCE98 /* Products */ = {
			isa = PBXGroup;
			children = (
				458EF28A247FB8E200FCCE98 /* Memorize.app */,
				458EF2A0247FB8E300FCCE98 /* MemorizeTests.xctest */,
			);
			name = Products;
			sourceTree = "<group>";
		};
		458EF28C247FB8E200FCCE98 /* Memorize */ = {
			isa = PBXGroup;
			children = (
				45F99E8B248EE10B0002B57C /* Array+Identifiable.swift */,
				45F99E8D248F1FC50002B57C /* Array+only.swift */,
				458EF28D247FB8E200FCCE98 /* AppDelegate.swift */,
				458EF28F247FB8E200FCCE98 /* SceneDelegate.swift */,
				458EF291247FB8E200FCCE98 /* EmojiMemoryGameView.swift */,
				451296BF248906D000411E41 /* Grid.swift */,
				4551CF3524809FB200D59B61 /* MemoryGame.swift */,
				4551CF372480ABCD00D59B61 /* EmojiMemoryGame.swift */,
				45F99E8F249007AC0002B57C /* Pie.swift */,
				45F99E89248EDBD70002B57C /* GridLayout.swift */,
				45F99E91249118D50002B57C /* Cardify.swift */,
				458EF293247FB8E200FCCE98 /* Assets.xcassets */,
				458EF298247FB8E200FCCE98 /* LaunchScreen.storyboard */,
				458EF29B247FB8E200FCCE98 /* Info.plist */,
				458EF295247FB8E200FCCE98 /* Preview Content */,
			);
			path = Memorize;
			sourceTree = "<group>";
		};
		458EF295247FB8E200FCCE98 /* Preview Content */ = {
			isa = PBXGroup;
			children = (
				458EF296247FB8E200FCCE98 /* Preview Assets.xcassets */,
			);
			path = "Preview Content";
			sourceTree = "<group>";
		};
		458EF2A3247FB8E300FCCE98 /* MemorizeTests */ = {
			isa = PBXGroup;
			children = (
				458EF2A4247FB8E300FCCE98 /* MemorizeTests.swift */,
				458EF2A6247FB8E300FCCE98 /* Info.plist */,
			);
			path = MemorizeTests;
			sourceTree = "<group>";
		};
/* End PBXGroup section */

/* Begin PBXNativeTarget section */
		458EF289247FB8E200FCCE98 /* Memorize */ = {
			isa = PBXNativeTarget;
			buildConfigurationList = 458EF2A9247FB8E300FCCE98 /* Build configuration list for PBXNativeTarget "Memorize" */;
			buildPhases = (
				458EF286247FB8E200FCCE98 /* Sources */,
				458EF287247FB8E200FCCE98 /* Frameworks */,
				458EF288247FB8E200FCCE98 /* Resources */,
			);
			buildRules = (
			);
			dependencies = (
			);
			name = Memorize;
			productName = Memorize;
			productReference = 458EF28A247FB8E200FCCE98 /* Memorize.app */;
			productType = "com.apple.product-type.application";
		};
		458EF29F247FB8E300FCCE98 /* MemorizeTests */ = {
			isa = PBXNativeTarget;
			buildConfigurationList = 458EF2AC247FB8E300FCCE98 /* Build configuration list for PBXNativeTarget "MemorizeTests" */;
			buildPhases = (
				458EF29C247FB8E300FCCE98 /* Sources */,
				458EF29D247FB8E300FCCE98 /* Frameworks */,
				458EF29E247FB8E300FCCE98 /* Resources */,
			);
			buildRules = (
			);
			dependencies = (
				458EF2A2247FB8E300FCCE98 /* PBXTargetDependency */,
			);
			name = MemorizeTests;
			productName = MemorizeTests;
			productReference = 458EF2A0247FB8E300FCCE98 /* MemorizeTests.xctest */;
			productType = "com.apple.product-type.bundle.unit-test";
		};
/* End PBXNativeTarget section */

/* Begin PBXProject section */
		458EF282247FB8E200FCCE98 /* Project object */ = {
			isa = PBXProject;
			attributes = {
				LastSwiftUpdateCheck = 1150;
				LastUpgradeCheck = 1150;
				ORGANIZATIONNAME = "Abdoulaye Diallo";
				TargetAttributes = {
					458EF289247FB8E200FCCE98 = {
						CreatedOnToolsVersion = 11.5;
					};
					458EF29F247FB8E300FCCE98 = {
						CreatedOnToolsVersion = 11.5;
						TestTargetID = 458EF289247FB8E200FCCE98;
					};
				};
			};
			buildConfigurationList = 458EF285247FB8E200FCCE98 /* Build configuration list for PBXProject "Memorize" */;
			compatibilityVersion = "Xcode 9.3";
			developmentRegion = en;
			hasScannedForEncodings = 0;
			knownRegions = (
				en,
				Base,
			);
			mainGroup = 458EF281247FB8E200FCCE98;
			productRefGroup = 458EF28B247FB8E200FCCE98 /* Products */;
			projectDirPath = "";
			projectRoot = "";
			targets = (
				458EF289247FB8E200FCCE98 /* Memorize */,
				458EF29F247FB8E300FCCE98 /* MemorizeTests */,
			);
		};
/* End PBXProject section */

/* Begin PBXResourcesBuildPhase section */
		458EF288247FB8E200FCCE98 /* Resources */ = {
			isa = PBXResourcesBuildPhase;
			buildActionMask = 2147483647;
			files = (
				458EF29A247FB8E200FCCE98 /* LaunchScreen.storyboard in Resources */,
				458EF297247FB8E200FCCE98 /* Preview Assets.xcassets in Resources */,
				458EF294247FB8E200FCCE98 /* Assets.xcassets in Resources */,
			);
			runOnlyForDeploymentPostprocessing = 0;
		};
		458EF29E247FB8E300FCCE98 /* Resources */ = {
			isa = PBXResourcesBuildPhase;
			buildActionMask = 2147483647;
			files = (
			);
			runOnlyForDeploymentPostprocessing = 0;
		};
/* End PBXResourcesBuildPhase section */

/* Begin PBXSourcesBuildPhase section */
		458EF286247FB8E200FCCE98 /* Sources */ = {
			isa = PBXSourcesBuildPhase;
			buildActionMask = 2147483647;
			files = (
				45F99E92249118D50002B57C /* Cardify.swift in Sources */,
				45F99E90249007AC0002B57C /* Pie.swift in Sources */,
				458EF28E247FB8E200FCCE98 /* AppDelegate.swift in Sources */,
				458EF290247FB8E200FCCE98 /* SceneDelegate.swift in Sources */,
				4551CF3624809FB200D59B61 /* MemoryGame.swift in Sources */,
				45F99E8E248F1FC50002B57C /* Array+only.swift in Sources */,
				458EF292247FB8E200FCCE98 /* EmojiMemoryGameView.swift in Sources */,
				4551CF382480ABCD00D59B61 /* EmojiMemoryGame.swift in Sources */,
				45F99E8C248EE10B0002B57C /* Array+Identifiable.swift in Sources */,
				45F99E8A248EDBD70002B57C /* GridLayout.swift in Sources */,
				451296C0248906D000411E41 /* Grid.swift in Sources */,
			);
			runOnlyForDeploymentPostprocessing = 0;
		};
		458EF29C247FB8E300FCCE98 /* Sources */ = {
			isa = PBXSourcesBuildPhase;
			buildActionMask = 2147483647;
			files = (
				458EF2A5247FB8E300FCCE98 /* MemorizeTests.swift in Sources */,
			);
			runOnlyForDeploymentPostprocessing = 0;
		};
/* End PBXSourcesBuildPhase section */

/* Begin PBXTargetDependency section */
		458EF2A2247FB8E300FCCE98 /* PBXTargetDependency */ = {
			isa = PBXTargetDependency;
			target = 458EF289247FB8E200FCCE98 /* Memorize */;
			targetProxy = 458EF2A1247FB8E300FCCE98 /* PBXContainerItemProxy */;
		};
/* End PBXTargetDependency section */

/* Begin PBXVariantGroup section */
		458EF298247FB8E200FCCE98 /* LaunchScreen.storyboard */ = {
			isa = PBXVariantGroup;
			children = (
				458EF299247FB8E200FCCE98 /* Base */,
			);
			name = LaunchScreen.storyboard;
			sourceTree = "<group>";
		};
/* End PBXVariantGroup section */

/* Begin XCBuildConfiguration section */
		458EF2A7247FB8E300FCCE98 /* Debug */ = {
			isa = XCBuildConfiguration;
			buildSettings = {
				ALWAYS_SEARCH_USER_PATHS = NO;
				CLANG_ANALYZER_NONNULL = YES;
				CLANG_ANALYZER_NUMBER_OBJECT_CONVERSION = YES_AGGRESSIVE;
				CLANG_CXX_LANGUAGE_STANDARD = "gnu++14";
				CLANG_CXX_LIBRARY = "libc++";
				CLANG_ENABLE_MODULES = YES;
				CLANG_ENABLE_OBJC_ARC = YES;
				CLANG_ENABLE_OBJC_WEAK = YES;
				CLANG_WARN_BLOCK_CAPTURE_AUTORELEASING = YES;
				CLANG_WARN_BOOL_CONVERSION = YES;
				CLANG_WARN_COMMA = YES;
				CLANG_WARN_CONSTANT_CONVERSION = YES;
				CLANG_WARN_DEPRECATED_OBJC_IMPLEMENTATIONS = YES;
				CLANG_WARN_DIRECT_OBJC_ISA_USAGE = YES_ERROR;
				CLANG_WARN_DOCUMENTATION_COMMENTS = YES;
				CLANG_WARN_EMPTY_BODY = YES;
				CLANG_WARN_ENUM_CONVERSION = YES;
				CLANG_WARN_INFINITE_RECURSION = YES;
				CLANG_WARN_INT_CONVERSION = YES;
				CLANG_WARN_NON_LITERAL_NULL_CONVERSION = YES;
				CLANG_WARN_OBJC_IMPLICIT_RETAIN_SELF = YES;
				CLANG_WARN_OBJC_LITERAL_CONVERSION = YES;
				CLANG_WARN_OBJC_ROOT_CLASS = YES_ERROR;
				CLANG_WARN_RANGE_LOOP_ANALYSIS = YES;
				CLANG_WARN_STRICT_PROTOTYPES = YES;
				CLANG_WARN_SUSPICIOUS_MOVE = YES;
				CLANG_WARN_UNGUARDED_AVAILABILITY = YES_AGGRESSIVE;
				CLANG_WARN_UNREACHABLE_CODE = YES;
				CLANG_WARN__DUPLICATE_METHOD_MATCH = YES;
				COPY_PHASE_STRIP = NO;
				DEBUG_INFORMATION_FORMAT = dwarf;
				ENABLE_STRICT_OBJC_MSGSEND = YES;
				ENABLE_TESTABILITY = YES;
				GCC_C_LANGUAGE_STANDARD = gnu11;
				GCC_DYNAMIC_NO_PIC = NO;
				GCC_NO_COMMON_BLOCKS = YES;
				GCC_OPTIMIZATION_LEVEL = 0;
				GCC_PREPROCESSOR_DEFINITIONS = (
					"DEBUG=1",
					"$(inherited)",
				);
				GCC_WARN_64_TO_32_BIT_CONVERSION = YES;
				GCC_WARN_ABOUT_RETURN_TYPE = YES_ERROR;
				GCC_WARN_UNDECLARED_SELECTOR = YES;
				GCC_WARN_UNINITIALIZED_AUTOS = YES_AGGRESSIVE;
				GCC_WARN_UNUSED_FUNCTION = YES;
				GCC_WARN_UNUSED_VARIABLE = YES;
				IPHONEOS_DEPLOYMENT_TARGET = 13.5;
				MTL_ENABLE_DEBUG_INFO = INCLUDE_SOURCE;
				MTL_FAST_MATH = YES;
				ONLY_ACTIVE_ARCH = YES;
				SDKROOT = iphoneos;
				SWIFT_ACTIVE_COMPILATION_CONDITIONS = DEBUG;
				SWIFT_OPTIMIZATION_LEVEL = "-Onone";
			};
			name = Debug;
		};
		458EF2A8247FB8E300FCCE98 /* Release */ = {
			isa = XCBuildConfiguration;
			buildSettings = {
				ALWAYS_SEARCH_USER_PATHS = NO;
				CLANG_ANALYZER_NONNULL = YES;
				CLANG_ANALYZER_NUMBER_OBJECT_CONVERSION = YES_AGGRESSIVE;
				CLANG_CXX_LANGUAGE_STANDARD = "gnu++14";
				CLANG_CXX_LIBRARY = "libc++";
				CLANG_ENABLE_MODULES = YES;
				CLANG_ENABLE_OBJC_ARC = YES;
				CLANG_ENABLE_OBJC_WEAK = YES;
				CLANG_WARN_BLOCK_CAPTURE_AUTORELEASING = YES;
				CLANG_WARN_BOOL_CONVERSION = YES;
				CLANG_WARN_COMMA = YES;
				CLANG_WARN_CONSTANT_CONVERSION = YES;
				CLANG_WARN_DEPRECATED_OBJC_IMPLEMENTATIONS = YES;
				CLANG_WARN_DIRECT_OBJC_ISA_USAGE = YES_ERROR;
				CLANG_WARN_DOCUMENTATION_COMMENTS = YES;
				CLANG_WARN_EMPTY_BODY = YES;
				CLANG_WARN_ENUM_CONVERSION = YES;
				CLANG_WARN_INFINITE_RECURSION = YES;
				CLANG_WARN_INT_CONVERSION = YES;
				CLANG_WARN_NON_LITERAL_NULL_CONVERSION = YES;
				CLANG_WARN_OBJC_IMPLICIT_RETAIN_SELF = YES;
				CLANG_WARN_OBJC_LITERAL_CONVERSION = YES;
				CLANG_WARN_OBJC_ROOT_CLASS = YES_ERROR;
				CLANG_WARN_RANGE_LOOP_ANALYSIS = YES;
				CLANG_WARN_STRICT_PROTOTYPES = YES;
				CLANG_WARN_SUSPICIOUS_MOVE = YES;
				CLANG_WARN_UNGUARDED_AVAILABILITY = YES_AGGRESSIVE;
				CLANG_WARN_UNREACHABLE_CODE = YES;
				CLANG_WARN__DUPLICATE_METHOD_MATCH = YES;
				COPY_PHASE_STRIP = NO;
				DEBUG_INFORMATION_FORMAT = "dwarf-with-dsym";
				ENABLE_NS_ASSERTIONS = NO;
				ENABLE_STRICT_OBJC_MSGSEND = YES;
				GCC_C_LANGUAGE_STANDARD = gnu11;
				GCC_NO_COMMON_BLOCKS = YES;
				GCC_WARN_64_TO_32_BIT_CONVERSION = YES;
				GCC_WARN_ABOUT_RETURN_TYPE = YES_ERROR;
				GCC_WARN_UNDECLARED_SELECTOR = YES;
				GCC_WARN_UNINITIALIZED_AUTOS = YES_AGGRESSIVE;
				GCC_WARN_UNUSED_FUNCTION = YES;
				GCC_WARN_UNUSED_VARIABLE = YES;
				IPHONEOS_DEPLOYMENT_TARGET = 13.5;
				MTL_ENABLE_DEBUG_INFO = NO;
				MTL_FAST_MATH = YES;
				SDKROOT = iphoneos;
				SWIFT_COMPILATION_MODE = wholemodule;
				SWIFT_OPTIMIZATION_LEVEL = "-O";
				VALIDATE_PRODUCT = YES;
			};
			name = Release;
		};
		458EF2AA247FB8E300FCCE98 /* Debug */ = {
			isa = XCBuildConfiguration;
			buildSettings = {
				ASSETCATALOG_COMPILER_APPICON_NAME = AppIcon;
				CODE_SIGN_STYLE = Automatic;
				DEVELOPMENT_ASSET_PATHS = "\"Memorize/Preview Content\"";
				DEVELOPMENT_TEAM = 7XGX6TD7GL;
				ENABLE_PREVIEWS = YES;
				INFOPLIST_FILE = Memorize/Info.plist;
				LD_RUNPATH_SEARCH_PATHS = (
					"$(inherited)",
					"@executable_path/Frameworks",
				);
				PRODUCT_BUNDLE_IDENTIFIER = com.224apps.Memorize;
				PRODUCT_NAME = "$(TARGET_NAME)";
				SWIFT_VERSION = 5.0;
				TARGETED_DEVICE_FAMILY = "1,2";
			};
			name = Debug;
		};
		458EF2AB247FB8E300FCCE98 /* Release */ = {
			isa = XCBuildConfiguration;
			buildSettings = {
				ASSETCATALOG_COMPILER_APPICON_NAME = AppIcon;
				CODE_SIGN_STYLE = Automatic;
				DEVELOPMENT_ASSET_PATHS = "\"Memorize/Preview Content\"";
				DEVELOPMENT_TEAM = 7XGX6TD7GL;
				ENABLE_PREVIEWS = YES;
				INFOPLIST_FILE = Memorize/Info.plist;
				LD_RUNPATH_SEARCH_PATHS = (
					"$(inherited)",
					"@executable_path/Frameworks",
				);
				PRODUCT_BUNDLE_IDENTIFIER = com.224apps.Memorize;
				PRODUCT_NAME = "$(TARGET_NAME)";
				SWIFT_VERSION = 5.0;
				TARGETED_DEVICE_FAMILY = "1,2";
			};
			name = Release;
		};
		458EF2AD247FB8E300FCCE98 /* Debug */ = {
			isa = XCBuildConfiguration;
			buildSettings = {
				ALWAYS_EMBED_SWIFT_STANDARD_LIBRARIES = YES;
				BUNDLE_LOADER = "$(TEST_HOST)";
				CODE_SIGN_STYLE = Automatic;
				DEVELOPMENT_TEAM = 7XGX6TD7GL;
				INFOPLIST_FILE = MemorizeTests/Info.plist;
				IPHONEOS_DEPLOYMENT_TARGET = 13.5;
				LD_RUNPATH_SEARCH_PATHS = (
					"$(inherited)",
					"@executable_path/Frameworks",
					"@loader_path/Frameworks",
				);
				PRODUCT_BUNDLE_IDENTIFIER = com.224apps.MemorizeTests;
				PRODUCT_NAME = "$(TARGET_NAME)";
				SWIFT_VERSION = 5.0;
				TARGETED_DEVICE_FAMILY = "1,2";
				TEST_HOST = "$(BUILT_PRODUCTS_DIR)/Memorize.app/Memorize";
			};
			name = Debug;
		};
		458EF2AE247FB8E300FCCE98 /* Release */ = {
			isa = XCBuildConfiguration;
			buildSettings = {
				ALWAYS_EMBED_SWIFT_STANDARD_LIBRARIES = YES;
				BUNDLE_LOADER = "$(TEST_HOST)";
				CODE_SIGN_STYLE = Automatic;
				DEVELOPMENT_TEAM = 7XGX6TD7GL;
				INFOPLIST_FILE = MemorizeTests/Info.plist;
				IPHONEOS_DEPLOYMENT_TARGET = 13.5;
				LD_RUNPATH_SEARCH_PATHS = (
					"$(inherited)",
					"@executable_path/Frameworks",
					"@loader_path/Frameworks",
				);
				PRODUCT_BUNDLE_IDENTIFIER = com.224apps.MemorizeTests;
				PRODUCT_NAME = "$(TARGET_NAME)";
				SWIFT_VERSION = 5.0;
				TARGETED_DEVICE_FAMILY = "1,2";
				TEST_HOST = "$(BUILT_PRODUCTS_DIR)/Memorize.app/Memorize";
			};
			name = Release;
		};
/* End XCBuildConfiguration section */

/* Begin XCConfigurationList section */
		458EF285247FB8E200FCCE98 /* Build configuration list for PBXProject "Memorize" */ = {
			isa = XCConfigurationList;
			buildConfigurations = (
				458EF2A7247FB8E300FCCE98 /* Debug */,
				458EF2A8247FB8E300FCCE98 /* Release */,
			);
			defaultConfigurationIsVisible = 0;
			defaultConfigurationName = Release;
		};
		458EF2A9247FB8E300FCCE98 /* Build configuration list for PBXNativeTarget "Memorize" */ = {
			isa = XCConfigurationList;
			buildConfigurations = (
				458EF2AA247FB8E300FCCE98 /* Debug */,
				458EF2AB247FB8E300FCCE98 /* Release */,
			);
			defaultConfigurationIsVisible = 0;
			defaultConfigurationName = Release;
		};
		458EF2AC247FB8E300FCCE98 /* Build configuration list for PBXNativeTarget "MemorizeTests" */ = {
			isa = XCConfigurationList;
			buildConfigurations = (
				458EF2AD247FB8E300FCCE98 /* Debug */,
				458EF2AE247FB8E300FCCE98 /* Release */,
			);
			defaultConfigurationIsVisible = 0;
			defaultConfigurationName = Release;
		};
/* End XCConfigurationList section */
	};
	rootObject = 458EF282247FB8E200FCCE98 /* Project object */;
}
