// !$*UTF8*$!
{
	archiveVersion = 1;
	classes = {
	};
	objectVersion = 50;
	objects = {

/* Begin PBXBuildFile section */
		49051C742120B1DD00A052B3 /* AppDelegate.swift in Sources */ = {isa = PBXBuildFile; fileRef = 49051C732120B1DD00A052B3 /* AppDelegate.swift */; };
		49051C762120B1DD00A052B3 /* ViewController.swift in Sources */ = {isa = PBXBuildFile; fileRef = 49051C752120B1DD00A052B3 /* ViewController.swift */; };
		49051C792120B1DD00A052B3 /* Main.storyboard in Resources */ = {isa = PBXBuildFile; fileRef = 49051C772120B1DD00A052B3 /* Main.storyboard */; };
		49051C7B2120B1DF00A052B3 /* Assets.xcassets in Resources */ = {isa = PBXBuildFile; fileRef = 49051C7A2120B1DF00A052B3 /* Assets.xcassets */; };
		49051C7E2120B1DF00A052B3 /* LaunchScreen.storyboard in Resources */ = {isa = PBXBuildFile; fileRef = 49051C7C2120B1DF00A052B3 /* LaunchScreen.storyboard */; };
		49051C862120B20100A052B3 /* PlayingCard.swift in Sources */ = {isa = PBXBuildFile; fileRef = 49051C852120B20100A052B3 /* PlayingCard.swift */; };
		49051C882120B79800A052B3 /* PlayingCardDeck.swift in Sources */ = {isa = PBXBuildFile; fileRef = 49051C872120B79800A052B3 /* PlayingCardDeck.swift */; };
		49051C8A2120BF9100A052B3 /* PlayingCardView.swift in Sources */ = {isa = PBXBuildFile; fileRef = 49051C892120BF9100A052B3 /* PlayingCardView.swift */; };
/* End PBXBuildFile section */

/* Begin PBXFileReference section */
		49051C702120B1DD00A052B3 /* PlayingCardView.app */ = {isa = PBXFileReference; explicitFileType = wrapper.application; includeInIndex = 0; path = PlayingCardView.app; sourceTree = BUILT_PRODUCTS_DIR; };
		49051C732120B1DD00A052B3 /* AppDelegate.swift */ = {isa = PBXFileReference; lastKnownFileType = sourcecode.swift; path = AppDelegate.swift; sourceTree = "<group>"; };
		49051C752120B1DD00A052B3 /* ViewController.swift */ = {isa = PBXFileReference; lastKnownFileType = sourcecode.swift; path = ViewController.swift; sourceTree = "<group>"; };
		49051C782120B1DD00A052B3 /* Base */ = {isa = PBXFileReference; lastKnownFileType = file.storyboard; name = Base; path = Base.lproj/Main.storyboard; sourceTree = "<group>"; };
		49051C7A2120B1DF00A052B3 /* Assets.xcassets */ = {isa = PBXFileReference; lastKnownFileType = folder.assetcatalog; path = Assets.xcassets; sourceTree = "<group>"; };
		49051C7D2120B1DF00A052B3 /* Base */ = {isa = PBXFileReference; lastKnownFileType = file.storyboard; name = Base; path = Base.lproj/LaunchScreen.storyboard; sourceTree = "<group>"; };
		49051C7F2120B1DF00A052B3 /* Info.plist */ = {isa = PBXFileReference; lastKnownFileType = text.plist.xml; path = Info.plist; sourceTree = "<group>"; };
		49051C852120B20100A052B3 /* PlayingCard.swift */ = {isa = PBXFileReference; lastKnownFileType = sourcecode.swift; path = PlayingCard.swift; sourceTree = "<group>"; };
		49051C872120B79800A052B3 /* PlayingCardDeck.swift */ = {isa = PBXFileReference; lastKnownFileType = sourcecode.swift; path = PlayingCardDeck.swift; sourceTree = "<group>"; };
		49051C892120BF9100A052B3 /* PlayingCardView.swift */ = {isa = PBXFileReference; lastKnownFileType = sourcecode.swift; path = PlayingCardView.swift; sourceTree = "<group>"; };
/* End PBXFileReference section */

/* Begin PBXFrameworksBuildPhase section */
		49051C6D2120B1DD00A052B3 /* Frameworks */ = {
			isa = PBXFrameworksBuildPhase;
			buildActionMask = 2147483647;
			files = (
			);
			runOnlyForDeploymentPostprocessing = 0;
		};
/* End PBXFrameworksBuildPhase section */

/* Begin PBXGroup section */
		49051C672120B1DD00A052B3 = {
			isa = PBXGroup;
			children = (
				49051C722120B1DD00A052B3 /* PlayingCardView */,
				49051C712120B1DD00A052B3 /* Products */,
			);
			sourceTree = "<group>";
		};
		49051C712120B1DD00A052B3 /* Products */ = {
			isa = PBXGroup;
			children = (
				49051C702120B1DD00A052B3 /* PlayingCardView.app */,
			);
			name = Products;
			sourceTree = "<group>";
		};
		49051C722120B1DD00A052B3 /* PlayingCardView */ = {
			isa = PBXGroup;
			children = (
				49051C732120B1DD00A052B3 /* AppDelegate.swift */,
				49051C852120B20100A052B3 /* PlayingCard.swift */,
				49051C872120B79800A052B3 /* PlayingCardDeck.swift */,
				49051C892120BF9100A052B3 /* PlayingCardView.swift */,
				49051C752120B1DD00A052B3 /* ViewController.swift */,
				49051C772120B1DD00A052B3 /* Main.storyboard */,
				49051C7A2120B1DF00A052B3 /* Assets.xcassets */,
				49051C7C2120B1DF00A052B3 /* LaunchScreen.storyboard */,
				49051C7F2120B1DF00A052B3 /* Info.plist */,
			);
			path = PlayingCardView;
			sourceTree = "<group>";
		};
/* End PBXGroup section */

/* Begin PBXNativeTarget section */
		49051C6F2120B1DD00A052B3 /* PlayingCardView */ = {
			isa = PBXNativeTarget;
			buildConfigurationList = 49051C822120B1DF00A052B3 /* Build configuration list for PBXNativeTarget "PlayingCardView" */;
			buildPhases = (
				49051C6C2120B1DD00A052B3 /* Sources */,
				49051C6D2120B1DD00A052B3 /* Frameworks */,
				49051C6E2120B1DD00A052B3 /* Resources */,
			);
			buildRules = (
			);
			dependencies = (
			);
			name = PlayingCardView;
			productName = PlayingCardView;
			productReference = 49051C702120B1DD00A052B3 /* PlayingCardView.app */;
			productType = "com.apple.product-type.application";
		};
/* End PBXNativeTarget section */

/* Begin PBXProject section */
		49051C682120B1DD00A052B3 /* Project object */ = {
			isa = PBXProject;
			attributes = {
				LastSwiftUpdateCheck = 0940;
				LastUpgradeCheck = 0940;
				ORGANIZATIONNAME = "Abdoulaye Diallo";
				TargetAttributes = {
					49051C6F2120B1DD00A052B3 = {
						CreatedOnToolsVersion = 9.4.1;
					};
				};
			};
			buildConfigurationList = 49051C6B2120B1DD00A052B3 /* Build configuration list for PBXProject "PlayingCardView" */;
			compatibilityVersion = "Xcode 9.3";
			developmentRegion = en;
			hasScannedForEncodings = 0;
			knownRegions = (
				en,
				Base,
			);
			mainGroup = 49051C672120B1DD00A052B3;
			productRefGroup = 49051C712120B1DD00A052B3 /* Products */;
			projectDirPath = "";
			projectRoot = "";
			targets = (
				49051C6F2120B1DD00A052B3 /* PlayingCardView */,
			);
		};
/* End PBXProject section */

/* Begin PBXResourcesBuildPhase section */
		49051C6E2120B1DD00A052B3 /* Resources */ = {
			isa = PBXResourcesBuildPhase;
			buildActionMask = 2147483647;
			files = (
				49051C7E2120B1DF00A052B3 /* LaunchScreen.storyboard in Resources */,
				49051C7B2120B1DF00A052B3 /* Assets.xcassets in Resources */,
				49051C792120B1DD00A052B3 /* Main.storyboard in Resources */,
			);
			runOnlyForDeploymentPostprocessing = 0;
		};
/* End PBXResourcesBuildPhase section */

/* Begin PBXSourcesBuildPhase section */
		49051C6C2120B1DD00A052B3 /* Sources */ = {
			isa = PBXSourcesBuildPhase;
			buildActionMask = 2147483647;
			files = (
				49051C762120B1DD00A052B3 /* ViewController.swift in Sources */,
				49051C882120B79800A052B3 /* PlayingCardDeck.swift in Sources */,
				49051C862120B20100A052B3 /* PlayingCard.swift in Sources */,
				49051C8A2120BF9100A052B3 /* PlayingCardView.swift in Sources */,
				49051C742120B1DD00A052B3 /* AppDelegate.swift in Sources */,
			);
			runOnlyForDeploymentPostprocessing = 0;
		};
/* End PBXSourcesBuildPhase section */

/* Begin PBXVariantGroup section */
		49051C772120B1DD00A052B3 /* Main.storyboard */ = {
			isa = PBXVariantGroup;
			children = (
				49051C782120B1DD00A052B3 /* Base */,
			);
			name = Main.storyboard;
			sourceTree = "<group>";
		};
		49051C7C2120B1DF00A052B3 /* LaunchScreen.storyboard */ = {
			isa = PBXVariantGroup;
			children = (
				49051C7D2120B1DF00A052B3 /* Base */,
			);
			name = LaunchScreen.storyboard;
			sourceTree = "<group>";
		};
/* End PBXVariantGroup section */

/* Begin XCBuildConfiguration section */
		49051C802120B1DF00A052B3 /* Debug */ = {
			isa = XCBuildConfiguration;
			buildSettings = {
				ALWAYS_SEARCH_USER_PATHS = NO;
				CLANG_ANALYZER_NONNULL = YES;
				CLANG_ANALYZER_NUMBER_OBJECT_CONVERSION = YES_AGGRESSIVE;
				CLANG_CXX_LANGUAGE_STANDARD = "gnu++14";
				CLANG_CXX_LIBRARY = "libc++";
				CLANG_ENABLE_MODULES = YES;
				CLANG_ENABLE_OBJC_ARC = YES;
				CLANG_ENABLE_OBJC_WEAK = YES;
				CLANG_WARN_BLOCK_CAPTURE_AUTORELEASING = YES;
				CLANG_WARN_BOOL_CONVERSION = YES;
				CLANG_WARN_COMMA = YES;
				CLANG_WARN_CONSTANT_CONVERSION = YES;
				CLANG_WARN_DEPRECATED_OBJC_IMPLEMENTATIONS = YES;
				CLANG_WARN_DIRECT_OBJC_ISA_USAGE = YES_ERROR;
				CLANG_WARN_DOCUMENTATION_COMMENTS = YES;
				CLANG_WARN_EMPTY_BODY = YES;
				CLANG_WARN_ENUM_CONVERSION = YES;
				CLANG_WARN_INFINITE_RECURSION = YES;
				CLANG_WARN_INT_CONVERSION = YES;
				CLANG_WARN_NON_LITERAL_NULL_CONVERSION = YES;
				CLANG_WARN_OBJC_IMPLICIT_RETAIN_SELF = YES;
				CLANG_WARN_OBJC_LITERAL_CONVERSION = YES;
				CLANG_WARN_OBJC_ROOT_CLASS = YES_ERROR;
				CLANG_WARN_RANGE_LOOP_ANALYSIS = YES;
				CLANG_WARN_STRICT_PROTOTYPES = YES;
				CLANG_WARN_SUSPICIOUS_MOVE = YES;
				CLANG_WARN_UNGUARDED_AVAILABILITY = YES_AGGRESSIVE;
				CLANG_WARN_UNREACHABLE_CODE = YES;
				CLANG_WARN__DUPLICATE_METHOD_MATCH = YES;
				CODE_SIGN_IDENTITY = "iPhone Developer";
				COPY_PHASE_STRIP = NO;
				DEBUG_INFORMATION_FORMAT = dwarf;
				ENABLE_STRICT_OBJC_MSGSEND = YES;
				ENABLE_TESTABILITY = YES;
				GCC_C_LANGUAGE_STANDARD = gnu11;
				GCC_DYNAMIC_NO_PIC = NO;
				GCC_NO_COMMON_BLOCKS = YES;
				GCC_OPTIMIZATION_LEVEL = 0;
				GCC_PREPROCESSOR_DEFINITIONS = (
					"DEBUG=1",
					"$(inherited)",
				);
				GCC_WARN_64_TO_32_BIT_CONVERSION = YES;
				GCC_WARN_ABOUT_RETURN_TYPE = YES_ERROR;
				GCC_WARN_UNDECLARED_SELECTOR = YES;
				GCC_WARN_UNINITIALIZED_AUTOS = YES_AGGRESSIVE;
				GCC_WARN_UNUSED_FUNCTION = YES;
				GCC_WARN_UNUSED_VARIABLE = YES;
				IPHONEOS_DEPLOYMENT_TARGET = 11.4;
				MTL_ENABLE_DEBUG_INFO = YES;
				ONLY_ACTIVE_ARCH = YES;
				SDKROOT = iphoneos;
				SWIFT_ACTIVE_COMPILATION_CONDITIONS = DEBUG;
				SWIFT_OPTIMIZATION_LEVEL = "-Onone";
			};
			name = Debug;
		};
		49051C812120B1DF00A052B3 /* Release */ = {
			isa = XCBuildConfiguration;
			buildSettings = {
				ALWAYS_SEARCH_USER_PATHS = NO;
				CLANG_ANALYZER_NONNULL = YES;
				CLANG_ANALYZER_NUMBER_OBJECT_CONVERSION = YES_AGGRESSIVE;
				CLANG_CXX_LANGUAGE_STANDARD = "gnu++14";
				CLANG_CXX_LIBRARY = "libc++";
				CLANG_ENABLE_MODULES = YES;
				CLANG_ENABLE_OBJC_ARC = YES;
				CLANG_ENABLE_OBJC_WEAK = YES;
				CLANG_WARN_BLOCK_CAPTURE_AUTORELEASING = YES;
				CLANG_WARN_BOOL_CONVERSION = YES;
				CLANG_WARN_COMMA = YES;
				CLANG_WARN_CONSTANT_CONVERSION = YES;
				CLANG_WARN_DEPRECATED_OBJC_IMPLEMENTATIONS = YES;
				CLANG_WARN_DIRECT_OBJC_ISA_USAGE = YES_ERROR;
				CLANG_WARN_DOCUMENTATION_COMMENTS = YES;
				CLANG_WARN_EMPTY_BODY = YES;
				CLANG_WARN_ENUM_CONVERSION = YES;
				CLANG_WARN_INFINITE_RECURSION = YES;
				CLANG_WARN_INT_CONVERSION = YES;
				CLANG_WARN_NON_LITERAL_NULL_CONVERSION = YES;
				CLANG_WARN_OBJC_IMPLICIT_RETAIN_SELF = YES;
				CLANG_WARN_OBJC_LITERAL_CONVERSION = YES;
				CLANG_WARN_OBJC_ROOT_CLASS = YES_ERROR;
				CLANG_WARN_RANGE_LOOP_ANALYSIS = YES;
				CLANG_WARN_STRICT_PROTOTYPES = YES;
				CLANG_WARN_SUSPICIOUS_MOVE = YES;
				CLANG_WARN_UNGUARDED_AVAILABILITY = YES_AGGRESSIVE;
				CLANG_WARN_UNREACHABLE_CODE = YES;
				CLANG_WARN__DUPLICATE_METHOD_MATCH = YES;
				CODE_SIGN_IDENTITY = "iPhone Developer";
				COPY_PHASE_STRIP = NO;
				DEBUG_INFORMATION_FORMAT = "dwarf-with-dsym";
				ENABLE_NS_ASSERTIONS = NO;
				ENABLE_STRICT_OBJC_MSGSEND = YES;
				GCC_C_LANGUAGE_STANDARD = gnu11;
				GCC_NO_COMMON_BLOCKS = YES;
				GCC_WARN_64_TO_32_BIT_CONVERSION = YES;
				GCC_WARN_ABOUT_RETURN_TYPE = YES_ERROR;
				GCC_WARN_UNDECLARED_SELECTOR = YES;
				GCC_WARN_UNINITIALIZED_AUTOS = YES_AGGRESSIVE;
				GCC_WARN_UNUSED_FUNCTION = YES;
				GCC_WARN_UNUSED_VARIABLE = YES;
				IPHONEOS_DEPLOYMENT_TARGET = 11.4;
				MTL_ENABLE_DEBUG_INFO = NO;
				SDKROOT = iphoneos;
				SWIFT_COMPILATION_MODE = wholemodule;
				SWIFT_OPTIMIZATION_LEVEL = "-O";
				VALIDATE_PRODUCT = YES;
			};
			name = Release;
		};
		49051C832120B1DF00A052B3 /* Debug */ = {
			isa = XCBuildConfiguration;
			buildSettings = {
				ASSETCATALOG_COMPILER_APPICON_NAME = AppIcon;
				CODE_SIGN_IDENTITY = "iPhone Developer";
				CODE_SIGN_STYLE = Automatic;
				DEVELOPMENT_TEAM = 7XGX6TD7GL;
				INFOPLIST_FILE = PlayingCardView/Info.plist;
				LD_RUNPATH_SEARCH_PATHS = (
					"$(inherited)",
					"@executable_path/Frameworks",
				);
				PRODUCT_BUNDLE_IDENTIFIER = "Abdoulaye-Diallo.PlayingCardView";
				PRODUCT_NAME = "$(TARGET_NAME)";
				PROVISIONING_PROFILE = "";
				PROVISIONING_PROFILE_SPECIFIER = "";
				SWIFT_VERSION = 4.0;
				TARGETED_DEVICE_FAMILY = "1,2";
			};
			name = Debug;
		};
		49051C842120B1DF00A052B3 /* Release */ = {
			isa = XCBuildConfiguration;
			buildSettings = {
				ASSETCATALOG_COMPILER_APPICON_NAME = AppIcon;
				CODE_SIGN_IDENTITY = "iPhone Developer";
				CODE_SIGN_STYLE = Automatic;
				DEVELOPMENT_TEAM = 7XGX6TD7GL;
				INFOPLIST_FILE = PlayingCardView/Info.plist;
				LD_RUNPATH_SEARCH_PATHS = (
					"$(inherited)",
					"@executable_path/Frameworks",
				);
				PRODUCT_BUNDLE_IDENTIFIER = "Abdoulaye-Diallo.PlayingCardView";
				PRODUCT_NAME = "$(TARGET_NAME)";
				PROVISIONING_PROFILE_SPECIFIER = "";
				SWIFT_VERSION = 4.0;
				TARGETED_DEVICE_FAMILY = "1,2";
			};
			name = Release;
		};
/* End XCBuildConfiguration section */

/* Begin XCConfigurationList section */
		49051C6B2120B1DD00A052B3 /* Build configuration list for PBXProject "PlayingCardView" */ = {
			isa = XCConfigurationList;
			buildConfigurations = (
				49051C802120B1DF00A052B3 /* Debug */,
				49051C812120B1DF00A052B3 /* Release */,
			);
			defaultConfigurationIsVisible = 0;
			defaultConfigurationName = Release;
		};
		49051C822120B1DF00A052B3 /* Build configuration list for PBXNativeTarget "PlayingCardView" */ = {
			isa = XCConfigurationList;
			buildConfigurations = (
				49051C832120B1DF00A052B3 /* Debug */,
				49051C842120B1DF00A052B3 /* Release */,
			);
			defaultConfigurationIsVisible = 0;
			defaultConfigurationName = Release;
		};
/* End XCConfigurationList section */
	};
	rootObject = 49051C682120B1DD00A052B3 /* Project object */;
}
